// !$*UTF8*$!
{
	archiveVersion = 1;
	classes = {
	};
	objectVersion = 50;
	objects = {

/* Begin PBXBuildFile section */
		14826681259DAAE7001A8362 /* Grid.swift in Sources */ = {isa = PBXBuildFile; fileRef = 14826680259DAAE7001A8362 /* Grid.swift */; };
		14826683259DAE8A001A8362 /* GridLayout.swift in Sources */ = {isa = PBXBuildFile; fileRef = 14826682259DAE8A001A8362 /* GridLayout.swift */; };
		14826685259DB31E001A8362 /* Array+Identifiable.swift in Sources */ = {isa = PBXBuildFile; fileRef = 14826684259DB31E001A8362 /* Array+Identifiable.swift */; };
		14826687259DBCB1001A8362 /* Array+Only.swift in Sources */ = {isa = PBXBuildFile; fileRef = 14826686259DBCB1001A8362 /* Array+Only.swift */; };
		14826689259DD127001A8362 /* Pie.swift in Sources */ = {isa = PBXBuildFile; fileRef = 14826688259DD127001A8362 /* Pie.swift */; };
		1482668B259DD5AD001A8362 /* Cardify.swift in Sources */ = {isa = PBXBuildFile; fileRef = 1482668A259DD5AD001A8362 /* Cardify.swift */; };
		14BAD83425964B6C001B411A /* AppDelegate.swift in Sources */ = {isa = PBXBuildFile; fileRef = 14BAD83325964B6C001B411A /* AppDelegate.swift */; };
		14BAD83625964B6C001B411A /* SceneDelegate.swift in Sources */ = {isa = PBXBuildFile; fileRef = 14BAD83525964B6C001B411A /* SceneDelegate.swift */; };
		14BAD83825964B6C001B411A /* EmojiMemoryGameView.swift in Sources */ = {isa = PBXBuildFile; fileRef = 14BAD83725964B6C001B411A /* EmojiMemoryGameView.swift */; };
		14BAD83A25964B6E001B411A /* Assets.xcassets in Resources */ = {isa = PBXBuildFile; fileRef = 14BAD83925964B6E001B411A /* Assets.xcassets */; };
		14BAD83D25964B6E001B411A /* Preview Assets.xcassets in Resources */ = {isa = PBXBuildFile; fileRef = 14BAD83C25964B6E001B411A /* Preview Assets.xcassets */; };
		14BAD84025964B6E001B411A /* LaunchScreen.storyboard in Resources */ = {isa = PBXBuildFile; fileRef = 14BAD83E25964B6E001B411A /* LaunchScreen.storyboard */; };
		14BAD848259651CC001B411A /* MemoryGame.swift in Sources */ = {isa = PBXBuildFile; fileRef = 14BAD847259651CC001B411A /* MemoryGame.swift */; };
		14BAD84A259652E6001B411A /* EmojiMemoryGame.swift in Sources */ = {isa = PBXBuildFile; fileRef = 14BAD849259652E6001B411A /* EmojiMemoryGame.swift */; };
/* End PBXBuildFile section */

/* Begin PBXFileReference section */
		14826680259DAAE7001A8362 /* Grid.swift */ = {isa = PBXFileReference; lastKnownFileType = sourcecode.swift; path = Grid.swift; sourceTree = "<group>"; };
		14826682259DAE8A001A8362 /* GridLayout.swift */ = {isa = PBXFileReference; lastKnownFileType = sourcecode.swift; path = GridLayout.swift; sourceTree = "<group>"; };
		14826684259DB31E001A8362 /* Array+Identifiable.swift */ = {isa = PBXFileReference; lastKnownFileType = sourcecode.swift; path = "Array+Identifiable.swift"; sourceTree = "<group>"; };
		14826686259DBCB1001A8362 /* Array+Only.swift */ = {isa = PBXFileReference; lastKnownFileType = sourcecode.swift; path = "Array+Only.swift"; sourceTree = "<group>"; };
		14826688259DD127001A8362 /* Pie.swift */ = {isa = PBXFileReference; lastKnownFileType = sourcecode.swift; path = Pie.swift; sourceTree = "<group>"; };
		1482668A259DD5AD001A8362 /* Cardify.swift */ = {isa = PBXFileReference; lastKnownFileType = sourcecode.swift; path = Cardify.swift; sourceTree = "<group>"; };
		14BAD83025964B6C001B411A /* MemorizeTutorial.app */ = {isa = PBXFileReference; explicitFileType = wrapper.application; includeInIndex = 0; path = MemorizeTutorial.app; sourceTree = BUILT_PRODUCTS_DIR; };
		14BAD83325964B6C001B411A /* AppDelegate.swift */ = {isa = PBXFileReference; lastKnownFileType = sourcecode.swift; path = AppDelegate.swift; sourceTree = "<group>"; };
		14BAD83525964B6C001B411A /* SceneDelegate.swift */ = {isa = PBXFileReference; lastKnownFileType = sourcecode.swift; path = SceneDelegate.swift; sourceTree = "<group>"; };
		14BAD83725964B6C001B411A /* EmojiMemoryGameView.swift */ = {isa = PBXFileReference; lastKnownFileType = sourcecode.swift; path = EmojiMemoryGameView.swift; sourceTree = "<group>"; };
		14BAD83925964B6E001B411A /* Assets.xcassets */ = {isa = PBXFileReference; lastKnownFileType = folder.assetcatalog; path = Assets.xcassets; sourceTree = "<group>"; };
		14BAD83C25964B6E001B411A /* Preview Assets.xcassets */ = {isa = PBXFileReference; lastKnownFileType = folder.assetcatalog; path = "Preview Assets.xcassets"; sourceTree = "<group>"; };
		14BAD83F25964B6E001B411A /* Base */ = {isa = PBXFileReference; lastKnownFileType = file.storyboard; name = Base; path = Base.lproj/LaunchScreen.storyboard; sourceTree = "<group>"; };
		14BAD84125964B6E001B411A /* Info.plist */ = {isa = PBXFileReference; lastKnownFileType = text.plist.xml; path = Info.plist; sourceTree = "<group>"; };
		14BAD847259651CC001B411A /* MemoryGame.swift */ = {isa = PBXFileReference; lastKnownFileType = sourcecode.swift; path = MemoryGame.swift; sourceTree = SOURCE_ROOT; };
		14BAD849259652E6001B411A /* EmojiMemoryGame.swift */ = {isa = PBXFileReference; lastKnownFileType = sourcecode.swift; path = EmojiMemoryGame.swift; sourceTree = "<group>"; };
/* End PBXFileReference section */

/* Begin PBXFrameworksBuildPhase section */
		14BAD82D25964B6C001B411A /* Frameworks */ = {
			isa = PBXFrameworksBuildPhase;
			buildActionMask = 2147483647;
			files = (
			);
			runOnlyForDeploymentPostprocessing = 0;
		};
/* End PBXFrameworksBuildPhase section */

/* Begin PBXGroup section */
		14BAD82725964B6C001B411A = {
			isa = PBXGroup;
			children = (
				14BAD83225964B6C001B411A /* MemorizeTutorial */,
				14BAD83125964B6C001B411A /* Products */,
			);
			sourceTree = "<group>";
		};
		14BAD83125964B6C001B411A /* Products */ = {
			isa = PBXGroup;
			children = (
				14BAD83025964B6C001B411A /* MemorizeTutorial.app */,
			);
			name = Products;
			sourceTree = "<group>";
		};
		14BAD83225964B6C001B411A /* MemorizeTutorial */ = {
			isa = PBXGroup;
			children = (
				14BAD847259651CC001B411A /* MemoryGame.swift */,
				14826686259DBCB1001A8362 /* Array+Only.swift */,
				14BAD849259652E6001B411A /* EmojiMemoryGame.swift */,
				14BAD83325964B6C001B411A /* AppDelegate.swift */,
				14BAD83525964B6C001B411A /* SceneDelegate.swift */,
				14BAD83725964B6C001B411A /* EmojiMemoryGameView.swift */,
				1482668A259DD5AD001A8362 /* Cardify.swift */,
				14826688259DD127001A8362 /* Pie.swift */,
				14826680259DAAE7001A8362 /* Grid.swift */,
				14826684259DB31E001A8362 /* Array+Identifiable.swift */,
				14826682259DAE8A001A8362 /* GridLayout.swift */,
				14BAD83925964B6E001B411A /* Assets.xcassets */,
				14BAD83E25964B6E001B411A /* LaunchScreen.storyboard */,
				14BAD84125964B6E001B411A /* Info.plist */,
				14BAD83B25964B6E001B411A /* Preview Content */,
			);
			path = MemorizeTutorial;
			sourceTree = "<group>";
		};
		14BAD83B25964B6E001B411A /* Preview Content */ = {
			isa = PBXGroup;
			children = (
				14BAD83C25964B6E001B411A /* Preview Assets.xcassets */,
			);
			path = "Preview Content";
			sourceTree = "<group>";
		};
/* End PBXGroup section */

/* Begin PBXNativeTarget section */
		14BAD82F25964B6C001B411A /* MemorizeTutorial */ = {
			isa = PBXNativeTarget;
			buildConfigurationList = 14BAD84425964B6E001B411A /* Build configuration list for PBXNativeTarget "MemorizeTutorial" */;
			buildPhases = (
				14BAD82C25964B6C001B411A /* Sources */,
				14BAD82D25964B6C001B411A /* Frameworks */,
				14BAD82E25964B6C001B411A /* Resources */,
			);
			buildRules = (
			);
			dependencies = (
			);
			name = MemorizeTutorial;
			productName = MemorizeTutorial;
			productReference = 14BAD83025964B6C001B411A /* MemorizeTutorial.app */;
			productType = "com.apple.product-type.application";
		};
/* End PBXNativeTarget section */

/* Begin PBXProject section */
		14BAD82825964B6C001B411A /* Project object */ = {
			isa = PBXProject;
			attributes = {
				LastSwiftUpdateCheck = 1150;
				LastUpgradeCheck = 1150;
				ORGANIZATIONNAME = "sean lum";
				TargetAttributes = {
					14BAD82F25964B6C001B411A = {
						CreatedOnToolsVersion = 11.5;
					};
				};
			};
			buildConfigurationList = 14BAD82B25964B6C001B411A /* Build configuration list for PBXProject "MemorizeTutorial" */;
			compatibilityVersion = "Xcode 9.3";
			developmentRegion = en;
			hasScannedForEncodings = 0;
			knownRegions = (
				en,
				Base,
			);
			mainGroup = 14BAD82725964B6C001B411A;
			productRefGroup = 14BAD83125964B6C001B411A /* Products */;
			projectDirPath = "";
			projectRoot = "";
			targets = (
				14BAD82F25964B6C001B411A /* MemorizeTutorial */,
			);
		};
/* End PBXProject section */

/* Begin PBXResourcesBuildPhase section */
		14BAD82E25964B6C001B411A /* Resources */ = {
			isa = PBXResourcesBuildPhase;
			buildActionMask = 2147483647;
			files = (
				14BAD84025964B6E001B411A /* LaunchScreen.storyboard in Resources */,
				14BAD83D25964B6E001B411A /* Preview Assets.xcassets in Resources */,
				14BAD83A25964B6E001B411A /* Assets.xcassets in Resources */,
			);
			runOnlyForDeploymentPostprocessing = 0;
		};
/* End PBXResourcesBuildPhase section */

/* Begin PBXSourcesBuildPhase section */
		14BAD82C25964B6C001B411A /* Sources */ = {
			isa = PBXSourcesBuildPhase;
			buildActionMask = 2147483647;
			files = (
				1482668B259DD5AD001A8362 /* Cardify.swift in Sources */,
				14826689259DD127001A8362 /* Pie.swift in Sources */,
				14BAD83425964B6C001B411A /* AppDelegate.swift in Sources */,
				14BAD83625964B6C001B411A /* SceneDelegate.swift in Sources */,
				14BAD848259651CC001B411A /* MemoryGame.swift in Sources */,
				14826687259DBCB1001A8362 /* Array+Only.swift in Sources */,
				14BAD83825964B6C001B411A /* EmojiMemoryGameView.swift in Sources */,
				14BAD84A259652E6001B411A /* EmojiMemoryGame.swift in Sources */,
				14826685259DB31E001A8362 /* Array+Identifiable.swift in Sources */,
				14826683259DAE8A001A8362 /* GridLayout.swift in Sources */,
				14826681259DAAE7001A8362 /* Grid.swift in Sources */,
			);
			runOnlyForDeploymentPostprocessing = 0;
		};
/* End PBXSourcesBuildPhase section */

/* Begin PBXVariantGroup section */
		14BAD83E25964B6E001B411A /* LaunchScreen.storyboard */ = {
			isa = PBXVariantGroup;
			children = (
				14BAD83F25964B6E001B411A /* Base */,
			);
			name = LaunchScreen.storyboard;
			sourceTree = "<group>";
		};
/* End PBXVariantGroup section */

/* Begin XCBuildConfiguration section */
		14BAD84225964B6E001B411A /* Debug */ = {
			isa = XCBuildConfiguration;
			buildSettings = {
				ALWAYS_SEARCH_USER_PATHS = NO;
				CLANG_ANALYZER_NONNULL = YES;
				CLANG_ANALYZER_NUMBER_OBJECT_CONVERSION = YES_AGGRESSIVE;
				CLANG_CXX_LANGUAGE_STANDARD = "gnu++14";
				CLANG_CXX_LIBRARY = "libc++";
				CLANG_ENABLE_MODULES = YES;
				CLANG_ENABLE_OBJC_ARC = YES;
				CLANG_ENABLE_OBJC_WEAK = YES;
				CLANG_WARN_BLOCK_CAPTURE_AUTORELEASING = YES;
				CLANG_WARN_BOOL_CONVERSION = YES;
				CLANG_WARN_COMMA = YES;
				CLANG_WARN_CONSTANT_CONVERSION = YES;
				CLANG_WARN_DEPRECATED_OBJC_IMPLEMENTATIONS = YES;
				CLANG_WARN_DIRECT_OBJC_ISA_USAGE = YES_ERROR;
				CLANG_WARN_DOCUMENTATION_COMMENTS = YES;
				CLANG_WARN_EMPTY_BODY = YES;
				CLANG_WARN_ENUM_CONVERSION = YES;
				CLANG_WARN_INFINITE_RECURSION = YES;
				CLANG_WARN_INT_CONVERSION = YES;
				CLANG_WARN_NON_LITERAL_NULL_CONVERSION = YES;
				CLANG_WARN_OBJC_IMPLICIT_RETAIN_SELF = YES;
				CLANG_WARN_OBJC_LITERAL_CONVERSION = YES;
				CLANG_WARN_OBJC_ROOT_CLASS = YES_ERROR;
				CLANG_WARN_RANGE_LOOP_ANALYSIS = YES;
				CLANG_WARN_STRICT_PROTOTYPES = YES;
				CLANG_WARN_SUSPICIOUS_MOVE = YES;
				CLANG_WARN_UNGUARDED_AVAILABILITY = YES_AGGRESSIVE;
				CLANG_WARN_UNREACHABLE_CODE = YES;
				CLANG_WARN__DUPLICATE_METHOD_MATCH = YES;
				COPY_PHASE_STRIP = NO;
				DEBUG_INFORMATION_FORMAT = dwarf;
				ENABLE_STRICT_OBJC_MSGSEND = YES;
				ENABLE_TESTABILITY = YES;
				GCC_C_LANGUAGE_STANDARD = gnu11;
				GCC_DYNAMIC_NO_PIC = NO;
				GCC_NO_COMMON_BLOCKS = YES;
				GCC_OPTIMIZATION_LEVEL = 0;
				GCC_PREPROCESSOR_DEFINITIONS = (
					"DEBUG=1",
					"$(inherited)",
				);
				GCC_WARN_64_TO_32_BIT_CONVERSION = YES;
				GCC_WARN_ABOUT_RETURN_TYPE = YES_ERROR;
				GCC_WARN_UNDECLARED_SELECTOR = YES;
				GCC_WARN_UNINITIALIZED_AUTOS = YES_AGGRESSIVE;
				GCC_WARN_UNUSED_FUNCTION = YES;
				GCC_WARN_UNUSED_VARIABLE = YES;
				IPHONEOS_DEPLOYMENT_TARGET = 13.5;
				MTL_ENABLE_DEBUG_INFO = INCLUDE_SOURCE;
				MTL_FAST_MATH = YES;
				ONLY_ACTIVE_ARCH = YES;
				SDKROOT = iphoneos;
				SWIFT_ACTIVE_COMPILATION_CONDITIONS = DEBUG;
				SWIFT_OPTIMIZATION_LEVEL = "-Onone";
			};
			name = Debug;
		};
		14BAD84325964B6E001B411A /* Release */ = {
			isa = XCBuildConfiguration;
			buildSettings = {
				ALWAYS_SEARCH_USER_PATHS = NO;
				CLANG_ANALYZER_NONNULL = YES;
				CLANG_ANALYZER_NUMBER_OBJECT_CONVERSION = YES_AGGRESSIVE;
				CLANG_CXX_LANGUAGE_STANDARD = "gnu++14";
				CLANG_CXX_LIBRARY = "libc++";
				CLANG_ENABLE_MODULES = YES;
				CLANG_ENABLE_OBJC_ARC = YES;
				CLANG_ENABLE_OBJC_WEAK = YES;
				CLANG_WARN_BLOCK_CAPTURE_AUTORELEASING = YES;
				CLANG_WARN_BOOL_CONVERSION = YES;
				CLANG_WARN_COMMA = YES;
				CLANG_WARN_CONSTANT_CONVERSION = YES;
				CLANG_WARN_DEPRECATED_OBJC_IMPLEMENTATIONS = YES;
				CLANG_WARN_DIRECT_OBJC_ISA_USAGE = YES_ERROR;
				CLANG_WARN_DOCUMENTATION_COMMENTS = YES;
				CLANG_WARN_EMPTY_BODY = YES;
				CLANG_WARN_ENUM_CONVERSION = YES;
				CLANG_WARN_INFINITE_RECURSION = YES;
				CLANG_WARN_INT_CONVERSION = YES;
				CLANG_WARN_NON_LITERAL_NULL_CONVERSION = YES;
				CLANG_WARN_OBJC_IMPLICIT_RETAIN_SELF = YES;
				CLANG_WARN_OBJC_LITERAL_CONVERSION = YES;
				CLANG_WARN_OBJC_ROOT_CLASS = YES_ERROR;
				CLANG_WARN_RANGE_LOOP_ANALYSIS = YES;
				CLANG_WARN_STRICT_PROTOTYPES = YES;
				CLANG_WARN_SUSPICIOUS_MOVE = YES;
				CLANG_WARN_UNGUARDED_AVAILABILITY = YES_AGGRESSIVE;
				CLANG_WARN_UNREACHABLE_CODE = YES;
				CLANG_WARN__DUPLICATE_METHOD_MATCH = YES;
				COPY_PHASE_STRIP = NO;
				DEBUG_INFORMATION_FORMAT = "dwarf-with-dsym";
				ENABLE_NS_ASSERTIONS = NO;
				ENABLE_STRICT_OBJC_MSGSEND = YES;
				GCC_C_LANGUAGE_STANDARD = gnu11;
				GCC_NO_COMMON_BLOCKS = YES;
				GCC_WARN_64_TO_32_BIT_CONVERSION = YES;
				GCC_WARN_ABOUT_RETURN_TYPE = YES_ERROR;
				GCC_WARN_UNDECLARED_SELECTOR = YES;
				GCC_WARN_UNINITIALIZED_AUTOS = YES_AGGRESSIVE;
				GCC_WARN_UNUSED_FUNCTION = YES;
				GCC_WARN_UNUSED_VARIABLE = YES;
				IPHONEOS_DEPLOYMENT_TARGET = 13.5;
				MTL_ENABLE_DEBUG_INFO = NO;
				MTL_FAST_MATH = YES;
				SDKROOT = iphoneos;
				SWIFT_COMPILATION_MODE = wholemodule;
				SWIFT_OPTIMIZATION_LEVEL = "-O";
				VALIDATE_PRODUCT = YES;
			};
			name = Release;
		};
		14BAD84525964B6E001B411A /* Debug */ = {
			isa = XCBuildConfiguration;
			buildSettings = {
				ASSETCATALOG_COMPILER_APPICON_NAME = AppIcon;
				CODE_SIGN_STYLE = Automatic;
				DEVELOPMENT_ASSET_PATHS = "\"MemorizeTutorial/Preview Content\"";
				ENABLE_PREVIEWS = YES;
				INFOPLIST_FILE = MemorizeTutorial/Info.plist;
				LD_RUNPATH_SEARCH_PATHS = (
					"$(inherited)",
					"@executable_path/Frameworks",
				);
				PRODUCT_BUNDLE_IDENTIFIER = edu.nus.u.e0406739.MemorizeTutorial;
				PRODUCT_NAME = "$(TARGET_NAME)";
				SWIFT_VERSION = 5.0;
				TARGETED_DEVICE_FAMILY = "1,2";
			};
			name = Debug;
		};
		14BAD84625964B6E001B411A /* Release */ = {
			isa = XCBuildConfiguration;
			buildSettings = {
				ASSETCATALOG_COMPILER_APPICON_NAME = AppIcon;
				CODE_SIGN_STYLE = Automatic;
				DEVELOPMENT_ASSET_PATHS = "\"MemorizeTutorial/Preview Content\"";
				ENABLE_PREVIEWS = YES;
				INFOPLIST_FILE = MemorizeTutorial/Info.plist;
				LD_RUNPATH_SEARCH_PATHS = (
					"$(inherited)",
					"@executable_path/Frameworks",
				);
				PRODUCT_BUNDLE_IDENTIFIER = edu.nus.u.e0406739.MemorizeTutorial;
				PRODUCT_NAME = "$(TARGET_NAME)";
				SWIFT_VERSION = 5.0;
				TARGETED_DEVICE_FAMILY = "1,2";
			};
			name = Release;
		};
/* End XCBuildConfiguration section */

/* Begin XCConfigurationList section */
		14BAD82B25964B6C001B411A /* Build configuration list for PBXProject "MemorizeTutorial" */ = {
			isa = XCConfigurationList;
			buildConfigurations = (
				14BAD84225964B6E001B411A /* Debug */,
				14BAD84325964B6E001B411A /* Release */,
			);
			defaultConfigurationIsVisible = 0;
			defaultConfigurationName = Release;
		};
		14BAD84425964B6E001B411A /* Build configuration list for PBXNativeTarget "MemorizeTutorial" */ = {
			isa = XCConfigurationList;
			buildConfigurations = (
				14BAD84525964B6E001B411A /* Debug */,
				14BAD84625964B6E001B411A /* Release */,
			);
			defaultConfigurationIsVisible = 0;
			defaultConfigurationName = Release;
		};
/* End XCConfigurationList section */
	};
	rootObject = 14BAD82825964B6C001B411A /* Project object */;
}
